{
  "name": "tw5-locator",
  "lockfileVersion": 3,
  "requires": true,
  "packages": {
    "": {
      "name": "tw5-locator",
      "dependencies": {
        "tiddlywiki": "^5.3.3"
      }
    },
    "node_modules/tiddlywiki": {
      "version": "5.3.3",
      "resolved": "https://registry.npmjs.org/tiddlywiki/-/tiddlywiki-5.3.3.tgz",
      "integrity": "sha512-PkgVfZNpFFHyMmfFw91igXOJn8Z7IWg3NGXOX5EBqJwzGNeYYOIUg4FqCNsWoqBece20HxtkDue/vTf2jDtdZQ==",
      "bin": {
        "tiddlywiki": "tiddlywiki.js"
      },
      "engines": {
        "node": ">=0.8.2"
      }
    }
  }
}
